
Microsoft Visual Studio Solution File, Format Version 12.00
# Visual Studio Version 16
VisualStudioVersion = 16.0.33801.447
MinimumVisualStudioVersion = 10.0.40219.1
Project("{F184B08F-C81C-45F6-A57F-5ABD9991F28F}") = "turn_over", "turn_over\turn_over.vbproj", "{F2576436-98AD-4CC0-A26F-742D2E5FA302}"
EndProject
Global
	GlobalSection(SolutionConfigurationPlatforms) = preSolution
		Debug|Any CPU = Debug|Any CPU
		Release|Any CPU = Release|Any CPU
	EndGlobalSection
	GlobalSection(ProjectConfigurationPlatforms) = postSolution
		{F2576436-98AD-4CC0-A26F-742D2E5FA302}.Debug|Any CPU.ActiveCfg = Debug|Any CPU
		{F2576436-98AD-4CC0-A26F-742D2E5FA302}.Debug|Any CPU.Build.0 = Debug|Any CPU
		{F2576436-98AD-4CC0-A26F-742D2E5FA302}.Release|Any CPU.ActiveCfg = Release|Any CPU
		{F2576436-98AD-4CC0-A26F-742D2E5FA302}.Release|Any CPU.Build.0 = Release|Any CPU
	EndGlobalSection
	GlobalSection(SolutionProperties) = preSolution
		HideSolutionNode = FALSE
	EndGlobalSection
	GlobalSection(ExtensibilityGlobals) = postSolution
		SolutionGuid = {429E3F9D-B9CE-4794-89BD-B6B92418B73C}
	EndGlobalSection
EndGlobal
